
Microsoft Visual Studio Solution File, Format Version 12.00
# Visual Studio Version 17
VisualStudioVersion = 17.11.35222.181
MinimumVisualStudioVersion = 10.0.40219.1
Project("{9A19103F-16F7-4668-BE54-9A1E7A4F7556}") = "Paradigmas1", "Paradigmas1.csproj", "{901DC460-8BED-4EB3-A72A-5B8FCEB780A1}"
EndProject
Global
	GlobalSection(SolutionConfigurationPlatforms) = preSolution
		Debug|Any CPU = Debug|Any CPU
		Release|Any CPU = Release|Any CPU
	EndGlobalSection
	GlobalSection(ProjectConfigurationPlatforms) = postSolution
		{901DC460-8BED-4EB3-A72A-5B8FCEB780A1}.Debug|Any CPU.ActiveCfg = Debug|Any CPU
		{901DC460-8BED-4EB3-A72A-5B8FCEB780A1}.Debug|Any CPU.Build.0 = Debug|Any CPU
		{901DC460-8BED-4EB3-A72A-5B8FCEB780A1}.Release|Any CPU.ActiveCfg = Release|Any CPU
		{901DC460-8BED-4EB3-A72A-5B8FCEB780A1}.Release|Any CPU.Build.0 = Release|Any CPU
	EndGlobalSection
	GlobalSection(SolutionProperties) = preSolution
		HideSolutionNode = FALSE
	EndGlobalSection
	GlobalSection(ExtensibilityGlobals) = postSolution
		SolutionGuid = {1CEC329F-A831-4F3A-9CAB-09FDDD821477}
	EndGlobalSection
EndGlobal
